
Microsoft Visual Studio Solution File, Format Version 12.00
# Visual Studio 14
VisualStudioVersion = 14.0.24720.0
MinimumVisualStudioVersion = 10.0.40219.1
Project("{FAE04EC0-301F-11D3-BF4B-00C04F79EFBC}") = "Projekt3_techniki_algorytmiczne", "Projekt3_techniki_algorytmiczne\Projekt3_techniki_algorytmiczne.csproj", "{21B17D59-B2C7-4F44-A13E-8D6B7535A12C}"
EndProject
Global
	GlobalSection(SolutionConfigurationPlatforms) = preSolution
		Debug|Any CPU = Debug|Any CPU
		Release|Any CPU = Release|Any CPU
	EndGlobalSection
	GlobalSection(ProjectConfigurationPlatforms) = postSolution
		{21B17D59-B2C7-4F44-A13E-8D6B7535A12C}.Debug|Any CPU.ActiveCfg = Debug|Any CPU
		{21B17D59-B2C7-4F44-A13E-8D6B7535A12C}.Debug|Any CPU.Build.0 = Debug|Any CPU
		{21B17D59-B2C7-4F44-A13E-8D6B7535A12C}.Release|Any CPU.ActiveCfg = Release|Any CPU
		{21B17D59-B2C7-4F44-A13E-8D6B7535A12C}.Release|Any CPU.Build.0 = Release|Any CPU
	EndGlobalSection
	GlobalSection(SolutionProperties) = preSolution
		HideSolutionNode = FALSE
	EndGlobalSection
EndGlobal
